// !$*UTF8*$!
{
	archiveVersion = 1;
	classes = {
	};
	objectVersion = 56;
	objects = {

/* Begin PBXBuildFile section */
		1C17273FC2BB6694BCC0A9A5 /* Pods_lesson_5_UiKit.framework in Frameworks */ = {isa = PBXBuildFile; fileRef = 1ECF023E1797B87A88E6FA69 /* Pods_lesson_5_UiKit.framework */; };
		A530B86402104B233FE2DF8F /* Pods_lesson_5_UiKit_lesson_5_UiKitUITests.framework in Frameworks */ = {isa = PBXBuildFile; fileRef = BD8D8663A1075AE7598081F1 /* Pods_lesson_5_UiKit_lesson_5_UiKitUITests.framework */; };
		A6018E8F5FFC0FE68645F294 /* Pods_lesson_5_UiKitTests.framework in Frameworks */ = {isa = PBXBuildFile; fileRef = 3A8FF61C2619C6E16019EF55 /* Pods_lesson_5_UiKitTests.framework */; };
		E00ECD982B6A23A300D1DBAA /* AppDelegate.swift in Sources */ = {isa = PBXBuildFile; fileRef = E00ECD972B6A23A300D1DBAA /* AppDelegate.swift */; };
		E00ECD9A2B6A23A300D1DBAA /* SceneDelegate.swift in Sources */ = {isa = PBXBuildFile; fileRef = E00ECD992B6A23A300D1DBAA /* SceneDelegate.swift */; };
		E00ECD9C2B6A23A300D1DBAA /* BMICalculatorViewController.swift in Sources */ = {isa = PBXBuildFile; fileRef = E00ECD9B2B6A23A300D1DBAA /* BMICalculatorViewController.swift */; };
		E00ECDA12B6A23A700D1DBAA /* Assets.xcassets in Resources */ = {isa = PBXBuildFile; fileRef = E00ECDA02B6A23A700D1DBAA /* Assets.xcassets */; };
		E00ECDA42B6A23A700D1DBAA /* LaunchScreen.storyboard in Resources */ = {isa = PBXBuildFile; fileRef = E00ECDA22B6A23A700D1DBAA /* LaunchScreen.storyboard */; };
		E00ECDAF2B6A23A700D1DBAA /* lesson_5_UiKitTests.swift in Sources */ = {isa = PBXBuildFile; fileRef = E00ECDAE2B6A23A700D1DBAA /* lesson_5_UiKitTests.swift */; };
		E00ECDB92B6A23A700D1DBAA /* lesson_5_UiKitUITests.swift in Sources */ = {isa = PBXBuildFile; fileRef = E00ECDB82B6A23A700D1DBAA /* lesson_5_UiKitUITests.swift */; };
		E00ECDBB2B6A23A700D1DBAA /* lesson_5_UiKitUITestsLaunchTests.swift in Sources */ = {isa = PBXBuildFile; fileRef = E00ECDBA2B6A23A700D1DBAA /* lesson_5_UiKitUITestsLaunchTests.swift */; };
		E00ECDCC2B6B694C00D1DBAA /* genderBMIButtons.swift in Sources */ = {isa = PBXBuildFile; fileRef = E00ECDCB2B6B694C00D1DBAA /* genderBMIButtons.swift */; };
		E00ECDCE2B6CA25600D1DBAA /* weightUiView.swift in Sources */ = {isa = PBXBuildFile; fileRef = E00ECDCD2B6CA25600D1DBAA /* weightUiView.swift */; };
		E00ECDD02B6CB6D900D1DBAA /* sliderUiView.swift in Sources */ = {isa = PBXBuildFile; fileRef = E00ECDCF2B6CB6D900D1DBAA /* sliderUiView.swift */; };
		E00ECDD42B6CDC9F00D1DBAA /* ageUiView.swift in Sources */ = {isa = PBXBuildFile; fileRef = E00ECDD32B6CDC9F00D1DBAA /* ageUiView.swift */; };
		E00ECDD62B70689600D1DBAA /* ResultViewController.swift in Sources */ = {isa = PBXBuildFile; fileRef = E00ECDD52B70689600D1DBAA /* ResultViewController.swift */; };
		E00ECDD82B706B3800D1DBAA /* ResultUiView.swift in Sources */ = {isa = PBXBuildFile; fileRef = E00ECDD72B706B3800D1DBAA /* ResultUiView.swift */; };
/* End PBXBuildFile section */

/* Begin PBXContainerItemProxy section */
		E00ECDAB2B6A23A700D1DBAA /* PBXContainerItemProxy */ = {
			isa = PBXContainerItemProxy;
			containerPortal = E00ECD8C2B6A23A300D1DBAA /* Project object */;
			proxyType = 1;
			remoteGlobalIDString = E00ECD932B6A23A300D1DBAA;
			remoteInfo = "lesson 5 UiKit";
		};
		E00ECDB52B6A23A700D1DBAA /* PBXContainerItemProxy */ = {
			isa = PBXContainerItemProxy;
			containerPortal = E00ECD8C2B6A23A300D1DBAA /* Project object */;
			proxyType = 1;
			remoteGlobalIDString = E00ECD932B6A23A300D1DBAA;
			remoteInfo = "lesson 5 UiKit";
		};
/* End PBXContainerItemProxy section */

/* Begin PBXFileReference section */
		070CF6345108FE97F3D0E50E /* Pods-lesson 5 UiKit.release.xcconfig */ = {isa = PBXFileReference; includeInIndex = 1; lastKnownFileType = text.xcconfig; name = "Pods-lesson 5 UiKit.release.xcconfig"; path = "Target Support Files/Pods-lesson 5 UiKit/Pods-lesson 5 UiKit.release.xcconfig"; sourceTree = "<group>"; };
		0E55F0C1F7294AECF5AE40D1 /* Pods-lesson 5 UiKitTests.release.xcconfig */ = {isa = PBXFileReference; includeInIndex = 1; lastKnownFileType = text.xcconfig; name = "Pods-lesson 5 UiKitTests.release.xcconfig"; path = "Target Support Files/Pods-lesson 5 UiKitTests/Pods-lesson 5 UiKitTests.release.xcconfig"; sourceTree = "<group>"; };
		1A4D97A3D8AC4CC631B25165 /* Pods-lesson 5 UiKit-lesson 5 UiKitUITests.debug.xcconfig */ = {isa = PBXFileReference; includeInIndex = 1; lastKnownFileType = text.xcconfig; name = "Pods-lesson 5 UiKit-lesson 5 UiKitUITests.debug.xcconfig"; path = "Target Support Files/Pods-lesson 5 UiKit-lesson 5 UiKitUITests/Pods-lesson 5 UiKit-lesson 5 UiKitUITests.debug.xcconfig"; sourceTree = "<group>"; };
		1ECF023E1797B87A88E6FA69 /* Pods_lesson_5_UiKit.framework */ = {isa = PBXFileReference; explicitFileType = wrapper.framework; includeInIndex = 0; path = Pods_lesson_5_UiKit.framework; sourceTree = BUILT_PRODUCTS_DIR; };
		3A8FF61C2619C6E16019EF55 /* Pods_lesson_5_UiKitTests.framework */ = {isa = PBXFileReference; explicitFileType = wrapper.framework; includeInIndex = 0; path = Pods_lesson_5_UiKitTests.framework; sourceTree = BUILT_PRODUCTS_DIR; };
		931B309DCEE63A790A2181BD /* Pods-lesson 5 UiKit-lesson 5 UiKitUITests.release.xcconfig */ = {isa = PBXFileReference; includeInIndex = 1; lastKnownFileType = text.xcconfig; name = "Pods-lesson 5 UiKit-lesson 5 UiKitUITests.release.xcconfig"; path = "Target Support Files/Pods-lesson 5 UiKit-lesson 5 UiKitUITests/Pods-lesson 5 UiKit-lesson 5 UiKitUITests.release.xcconfig"; sourceTree = "<group>"; };
		BD8D8663A1075AE7598081F1 /* Pods_lesson_5_UiKit_lesson_5_UiKitUITests.framework */ = {isa = PBXFileReference; explicitFileType = wrapper.framework; includeInIndex = 0; path = Pods_lesson_5_UiKit_lesson_5_UiKitUITests.framework; sourceTree = BUILT_PRODUCTS_DIR; };
		C37A4F8B8DDB37E636F3C4B9 /* Pods-lesson 5 UiKit.debug.xcconfig */ = {isa = PBXFileReference; includeInIndex = 1; lastKnownFileType = text.xcconfig; name = "Pods-lesson 5 UiKit.debug.xcconfig"; path = "Target Support Files/Pods-lesson 5 UiKit/Pods-lesson 5 UiKit.debug.xcconfig"; sourceTree = "<group>"; };
		E00ECD942B6A23A300D1DBAA /* lesson 5 UiKit.app */ = {isa = PBXFileReference; explicitFileType = wrapper.application; includeInIndex = 0; path = "lesson 5 UiKit.app"; sourceTree = BUILT_PRODUCTS_DIR; };
		E00ECD972B6A23A300D1DBAA /* AppDelegate.swift */ = {isa = PBXFileReference; lastKnownFileType = sourcecode.swift; path = AppDelegate.swift; sourceTree = "<group>"; };
		E00ECD992B6A23A300D1DBAA /* SceneDelegate.swift */ = {isa = PBXFileReference; lastKnownFileType = sourcecode.swift; path = SceneDelegate.swift; sourceTree = "<group>"; };
		E00ECD9B2B6A23A300D1DBAA /* BMICalculatorViewController.swift */ = {isa = PBXFileReference; lastKnownFileType = sourcecode.swift; path = BMICalculatorViewController.swift; sourceTree = "<group>"; };
		E00ECDA02B6A23A700D1DBAA /* Assets.xcassets */ = {isa = PBXFileReference; lastKnownFileType = folder.assetcatalog; path = Assets.xcassets; sourceTree = "<group>"; };
		E00ECDA32B6A23A700D1DBAA /* Base */ = {isa = PBXFileReference; lastKnownFileType = file.storyboard; name = Base; path = Base.lproj/LaunchScreen.storyboard; sourceTree = "<group>"; };
		E00ECDA52B6A23A700D1DBAA /* Info.plist */ = {isa = PBXFileReference; lastKnownFileType = text.plist.xml; path = Info.plist; sourceTree = "<group>"; };
		E00ECDAA2B6A23A700D1DBAA /* lesson 5 UiKitTests.xctest */ = {isa = PBXFileReference; explicitFileType = wrapper.cfbundle; includeInIndex = 0; path = "lesson 5 UiKitTests.xctest"; sourceTree = BUILT_PRODUCTS_DIR; };
		E00ECDAE2B6A23A700D1DBAA /* lesson_5_UiKitTests.swift */ = {isa = PBXFileReference; lastKnownFileType = sourcecode.swift; path = lesson_5_UiKitTests.swift; sourceTree = "<group>"; };
		E00ECDB42B6A23A700D1DBAA /* lesson 5 UiKitUITests.xctest */ = {isa = PBXFileReference; explicitFileType = wrapper.cfbundle; includeInIndex = 0; path = "lesson 5 UiKitUITests.xctest"; sourceTree = BUILT_PRODUCTS_DIR; };
		E00ECDB82B6A23A700D1DBAA /* lesson_5_UiKitUITests.swift */ = {isa = PBXFileReference; lastKnownFileType = sourcecode.swift; path = lesson_5_UiKitUITests.swift; sourceTree = "<group>"; };
		E00ECDBA2B6A23A700D1DBAA /* lesson_5_UiKitUITestsLaunchTests.swift */ = {isa = PBXFileReference; lastKnownFileType = sourcecode.swift; path = lesson_5_UiKitUITestsLaunchTests.swift; sourceTree = "<group>"; };
		E00ECDCB2B6B694C00D1DBAA /* genderBMIButtons.swift */ = {isa = PBXFileReference; lastKnownFileType = sourcecode.swift; path = genderBMIButtons.swift; sourceTree = "<group>"; };
		E00ECDCD2B6CA25600D1DBAA /* weightUiView.swift */ = {isa = PBXFileReference; lastKnownFileType = sourcecode.swift; path = weightUiView.swift; sourceTree = "<group>"; };
		E00ECDCF2B6CB6D900D1DBAA /* sliderUiView.swift */ = {isa = PBXFileReference; lastKnownFileType = sourcecode.swift; path = sliderUiView.swift; sourceTree = "<group>"; };
		E00ECDD32B6CDC9F00D1DBAA /* ageUiView.swift */ = {isa = PBXFileReference; lastKnownFileType = sourcecode.swift; path = ageUiView.swift; sourceTree = "<group>"; };
		E00ECDD52B70689600D1DBAA /* ResultViewController.swift */ = {isa = PBXFileReference; lastKnownFileType = sourcecode.swift; path = ResultViewController.swift; sourceTree = "<group>"; };
		E00ECDD72B706B3800D1DBAA /* ResultUiView.swift */ = {isa = PBXFileReference; lastKnownFileType = sourcecode.swift; path = ResultUiView.swift; sourceTree = "<group>"; };
		EFE3F1FA10461D29818B3D17 /* Pods-lesson 5 UiKitTests.debug.xcconfig */ = {isa = PBXFileReference; includeInIndex = 1; lastKnownFileType = text.xcconfig; name = "Pods-lesson 5 UiKitTests.debug.xcconfig"; path = "Target Support Files/Pods-lesson 5 UiKitTests/Pods-lesson 5 UiKitTests.debug.xcconfig"; sourceTree = "<group>"; };
/* End PBXFileReference section */

/* Begin PBXFrameworksBuildPhase section */
		E00ECD912B6A23A300D1DBAA /* Frameworks */ = {
			isa = PBXFrameworksBuildPhase;
			buildActionMask = 2147483647;
			files = (
				1C17273FC2BB6694BCC0A9A5 /* Pods_lesson_5_UiKit.framework in Frameworks */,
			);
			runOnlyForDeploymentPostprocessing = 0;
		};
		E00ECDA72B6A23A700D1DBAA /* Frameworks */ = {
			isa = PBXFrameworksBuildPhase;
			buildActionMask = 2147483647;
			files = (
				A6018E8F5FFC0FE68645F294 /* Pods_lesson_5_UiKitTests.framework in Frameworks */,
			);
			runOnlyForDeploymentPostprocessing = 0;
		};
		E00ECDB12B6A23A700D1DBAA /* Frameworks */ = {
			isa = PBXFrameworksBuildPhase;
			buildActionMask = 2147483647;
			files = (
				A530B86402104B233FE2DF8F /* Pods_lesson_5_UiKit_lesson_5_UiKitUITests.framework in Frameworks */,
			);
			runOnlyForDeploymentPostprocessing = 0;
		};
/* End PBXFrameworksBuildPhase section */

/* Begin PBXGroup section */
		78D9EC7AEF117D1C290CB919 /* Frameworks */ = {
			isa = PBXGroup;
			children = (
				1ECF023E1797B87A88E6FA69 /* Pods_lesson_5_UiKit.framework */,
				BD8D8663A1075AE7598081F1 /* Pods_lesson_5_UiKit_lesson_5_UiKitUITests.framework */,
				3A8FF61C2619C6E16019EF55 /* Pods_lesson_5_UiKitTests.framework */,
			);
			name = Frameworks;
			sourceTree = "<group>";
		};
		E00ECD8B2B6A23A300D1DBAA = {
			isa = PBXGroup;
			children = (
				E00ECD962B6A23A300D1DBAA /* lesson 5 UiKit */,
				E00ECDAD2B6A23A700D1DBAA /* lesson 5 UiKitTests */,
				E00ECDB72B6A23A700D1DBAA /* lesson 5 UiKitUITests */,
				E00ECD952B6A23A300D1DBAA /* Products */,
				E28A851F68D8FAECB319A5FA /* Pods */,
				78D9EC7AEF117D1C290CB919 /* Frameworks */,
			);
			sourceTree = "<group>";
		};
		E00ECD952B6A23A300D1DBAA /* Products */ = {
			isa = PBXGroup;
			children = (
				E00ECD942B6A23A300D1DBAA /* lesson 5 UiKit.app */,
				E00ECDAA2B6A23A700D1DBAA /* lesson 5 UiKitTests.xctest */,
				E00ECDB42B6A23A700D1DBAA /* lesson 5 UiKitUITests.xctest */,
			);
			name = Products;
			sourceTree = "<group>";
		};
		E00ECD962B6A23A300D1DBAA /* lesson 5 UiKit */ = {
			isa = PBXGroup;
			children = (
				E00ECD972B6A23A300D1DBAA /* AppDelegate.swift */,
				E00ECD992B6A23A300D1DBAA /* SceneDelegate.swift */,
				E00ECD9B2B6A23A300D1DBAA /* BMICalculatorViewController.swift */,
				E00ECDCB2B6B694C00D1DBAA /* genderBMIButtons.swift */,
				E00ECDCF2B6CB6D900D1DBAA /* sliderUiView.swift */,
				E00ECDCD2B6CA25600D1DBAA /* weightUiView.swift */,
				E00ECDD32B6CDC9F00D1DBAA /* ageUiView.swift */,
				E00ECDD52B70689600D1DBAA /* ResultViewController.swift */,
				E00ECDD72B706B3800D1DBAA /* ResultUiView.swift */,
				E00ECDA02B6A23A700D1DBAA /* Assets.xcassets */,
				E00ECDA22B6A23A700D1DBAA /* LaunchScreen.storyboard */,
				E00ECDA52B6A23A700D1DBAA /* Info.plist */,
			);
			path = "lesson 5 UiKit";
			sourceTree = "<group>";
		};
		E00ECDAD2B6A23A700D1DBAA /* lesson 5 UiKitTests */ = {
			isa = PBXGroup;
			children = (
				E00ECDAE2B6A23A700D1DBAA /* lesson_5_UiKitTests.swift */,
			);
			path = "lesson 5 UiKitTests";
			sourceTree = "<group>";
		};
		E00ECDB72B6A23A700D1DBAA /* lesson 5 UiKitUITests */ = {
			isa = PBXGroup;
			children = (
				E00ECDB82B6A23A700D1DBAA /* lesson_5_UiKitUITests.swift */,
				E00ECDBA2B6A23A700D1DBAA /* lesson_5_UiKitUITestsLaunchTests.swift */,
			);
			path = "lesson 5 UiKitUITests";
			sourceTree = "<group>";
		};
		E28A851F68D8FAECB319A5FA /* Pods */ = {
			isa = PBXGroup;
			children = (
				C37A4F8B8DDB37E636F3C4B9 /* Pods-lesson 5 UiKit.debug.xcconfig */,
				070CF6345108FE97F3D0E50E /* Pods-lesson 5 UiKit.release.xcconfig */,
				1A4D97A3D8AC4CC631B25165 /* Pods-lesson 5 UiKit-lesson 5 UiKitUITests.debug.xcconfig */,
				931B309DCEE63A790A2181BD /* Pods-lesson 5 UiKit-lesson 5 UiKitUITests.release.xcconfig */,
				EFE3F1FA10461D29818B3D17 /* Pods-lesson 5 UiKitTests.debug.xcconfig */,
				0E55F0C1F7294AECF5AE40D1 /* Pods-lesson 5 UiKitTests.release.xcconfig */,
			);
			path = Pods;
			sourceTree = "<group>";
		};
/* End PBXGroup section */

/* Begin PBXNativeTarget section */
		E00ECD932B6A23A300D1DBAA /* lesson 5 UiKit */ = {
			isa = PBXNativeTarget;
			buildConfigurationList = E00ECDBE2B6A23A700D1DBAA /* Build configuration list for PBXNativeTarget "lesson 5 UiKit" */;
			buildPhases = (
				6546586F97FD53DA876DF213 /* [CP] Check Pods Manifest.lock */,
				E00ECD902B6A23A300D1DBAA /* Sources */,
				E00ECD912B6A23A300D1DBAA /* Frameworks */,
				E00ECD922B6A23A300D1DBAA /* Resources */,
				3E39C3D61C1C2AEECE30619A /* [CP] Embed Pods Frameworks */,
			);
			buildRules = (
			);
			dependencies = (
			);
			name = "lesson 5 UiKit";
			productName = "lesson 5 UiKit";
			productReference = E00ECD942B6A23A300D1DBAA /* lesson 5 UiKit.app */;
			productType = "com.apple.product-type.application";
		};
		E00ECDA92B6A23A700D1DBAA /* lesson 5 UiKitTests */ = {
			isa = PBXNativeTarget;
			buildConfigurationList = E00ECDC12B6A23A700D1DBAA /* Build configuration list for PBXNativeTarget "lesson 5 UiKitTests" */;
			buildPhases = (
				6276743358AFC63164CEEF32 /* [CP] Check Pods Manifest.lock */,
				E00ECDA62B6A23A700D1DBAA /* Sources */,
				E00ECDA72B6A23A700D1DBAA /* Frameworks */,
				E00ECDA82B6A23A700D1DBAA /* Resources */,
			);
			buildRules = (
			);
			dependencies = (
				E00ECDAC2B6A23A700D1DBAA /* PBXTargetDependency */,
			);
			name = "lesson 5 UiKitTests";
			productName = "lesson 5 UiKitTests";
			productReference = E00ECDAA2B6A23A700D1DBAA /* lesson 5 UiKitTests.xctest */;
			productType = "com.apple.product-type.bundle.unit-test";
		};
		E00ECDB32B6A23A700D1DBAA /* lesson 5 UiKitUITests */ = {
			isa = PBXNativeTarget;
			buildConfigurationList = E00ECDC42B6A23A700D1DBAA /* Build configuration list for PBXNativeTarget "lesson 5 UiKitUITests" */;
			buildPhases = (
				4374235DD228659EC08241FE /* [CP] Check Pods Manifest.lock */,
				E00ECDB02B6A23A700D1DBAA /* Sources */,
				E00ECDB12B6A23A700D1DBAA /* Frameworks */,
				E00ECDB22B6A23A700D1DBAA /* Resources */,
				2261DD6B543461BCD4EF6A16 /* [CP] Embed Pods Frameworks */,
			);
			buildRules = (
			);
			dependencies = (
				E00ECDB62B6A23A700D1DBAA /* PBXTargetDependency */,
			);
			name = "lesson 5 UiKitUITests";
			productName = "lesson 5 UiKitUITests";
			productReference = E00ECDB42B6A23A700D1DBAA /* lesson 5 UiKitUITests.xctest */;
			productType = "com.apple.product-type.bundle.ui-testing";
		};
/* End PBXNativeTarget section */

/* Begin PBXProject section */
		E00ECD8C2B6A23A300D1DBAA /* Project object */ = {
			isa = PBXProject;
			attributes = {
				BuildIndependentTargetsInParallel = 1;
				LastSwiftUpdateCheck = 1500;
				LastUpgradeCheck = 1500;
				TargetAttributes = {
					E00ECD932B6A23A300D1DBAA = {
						CreatedOnToolsVersion = 15.0.1;
					};
					E00ECDA92B6A23A700D1DBAA = {
						CreatedOnToolsVersion = 15.0.1;
						TestTargetID = E00ECD932B6A23A300D1DBAA;
					};
					E00ECDB32B6A23A700D1DBAA = {
						CreatedOnToolsVersion = 15.0.1;
						TestTargetID = E00ECD932B6A23A300D1DBAA;
					};
				};
			};
			buildConfigurationList = E00ECD8F2B6A23A300D1DBAA /* Build configuration list for PBXProject "lesson 5 UiKit" */;
			compatibilityVersion = "Xcode 14.0";
			developmentRegion = en;
			hasScannedForEncodings = 0;
			knownRegions = (
				en,
				Base,
			);
			mainGroup = E00ECD8B2B6A23A300D1DBAA;
			productRefGroup = E00ECD952B6A23A300D1DBAA /* Products */;
			projectDirPath = "";
			projectRoot = "";
			targets = (
				E00ECD932B6A23A300D1DBAA /* lesson 5 UiKit */,
				E00ECDA92B6A23A700D1DBAA /* lesson 5 UiKitTests */,
				E00ECDB32B6A23A700D1DBAA /* lesson 5 UiKitUITests */,
			);
		};
/* End PBXProject section */

/* Begin PBXResourcesBuildPhase section */
		E00ECD922B6A23A300D1DBAA /* Resources */ = {
			isa = PBXResourcesBuildPhase;
			buildActionMask = 2147483647;
			files = (
				E00ECDA42B6A23A700D1DBAA /* LaunchScreen.storyboard in Resources */,
				E00ECDA12B6A23A700D1DBAA /* Assets.xcassets in Resources */,
			);
			runOnlyForDeploymentPostprocessing = 0;
		};
		E00ECDA82B6A23A700D1DBAA /* Resources */ = {
			isa = PBXResourcesBuildPhase;
			buildActionMask = 2147483647;
			files = (
			);
			runOnlyForDeploymentPostprocessing = 0;
		};
		E00ECDB22B6A23A700D1DBAA /* Resources */ = {
			isa = PBXResourcesBuildPhase;
			buildActionMask = 2147483647;
			files = (
			);
			runOnlyForDeploymentPostprocessing = 0;
		};
/* End PBXResourcesBuildPhase section */

/* Begin PBXShellScriptBuildPhase section */
		2261DD6B543461BCD4EF6A16 /* [CP] Embed Pods Frameworks */ = {
			isa = PBXShellScriptBuildPhase;
			buildActionMask = 2147483647;
			files = (
			);
			inputFileListPaths = (
				"${PODS_ROOT}/Target Support Files/Pods-lesson 5 UiKit-lesson 5 UiKitUITests/Pods-lesson 5 UiKit-lesson 5 UiKitUITests-frameworks-${CONFIGURATION}-input-files.xcfilelist",
			);
			name = "[CP] Embed Pods Frameworks";
			outputFileListPaths = (
				"${PODS_ROOT}/Target Support Files/Pods-lesson 5 UiKit-lesson 5 UiKitUITests/Pods-lesson 5 UiKit-lesson 5 UiKitUITests-frameworks-${CONFIGURATION}-output-files.xcfilelist",
			);
			runOnlyForDeploymentPostprocessing = 0;
			shellPath = /bin/sh;
			shellScript = "\"${PODS_ROOT}/Target Support Files/Pods-lesson 5 UiKit-lesson 5 UiKitUITests/Pods-lesson 5 UiKit-lesson 5 UiKitUITests-frameworks.sh\"\n";
			showEnvVarsInLog = 0;
		};
		3E39C3D61C1C2AEECE30619A /* [CP] Embed Pods Frameworks */ = {
			isa = PBXShellScriptBuildPhase;
			buildActionMask = 2147483647;
			files = (
			);
			inputFileListPaths = (
				"${PODS_ROOT}/Target Support Files/Pods-lesson 5 UiKit/Pods-lesson 5 UiKit-frameworks-${CONFIGURATION}-input-files.xcfilelist",
			);
			name = "[CP] Embed Pods Frameworks";
			outputFileListPaths = (
				"${PODS_ROOT}/Target Support Files/Pods-lesson 5 UiKit/Pods-lesson 5 UiKit-frameworks-${CONFIGURATION}-output-files.xcfilelist",
			);
			runOnlyForDeploymentPostprocessing = 0;
			shellPath = /bin/sh;
			shellScript = "\"${PODS_ROOT}/Target Support Files/Pods-lesson 5 UiKit/Pods-lesson 5 UiKit-frameworks.sh\"\n";
			showEnvVarsInLog = 0;
		};
		4374235DD228659EC08241FE /* [CP] Check Pods Manifest.lock */ = {
			isa = PBXShellScriptBuildPhase;
			buildActionMask = 2147483647;
			files = (
			);
			inputFileListPaths = (
			);
			inputPaths = (
				"${PODS_PODFILE_DIR_PATH}/Podfile.lock",
				"${PODS_ROOT}/Manifest.lock",
			);
			name = "[CP] Check Pods Manifest.lock";
			outputFileListPaths = (
			);
			outputPaths = (
				"$(DERIVED_FILE_DIR)/Pods-lesson 5 UiKit-lesson 5 UiKitUITests-checkManifestLockResult.txt",
			);
			runOnlyForDeploymentPostprocessing = 0;
			shellPath = /bin/sh;
			shellScript = "diff \"${PODS_PODFILE_DIR_PATH}/Podfile.lock\" \"${PODS_ROOT}/Manifest.lock\" > /dev/null\nif [ $? != 0 ] ; then\n    # print error to STDERR\n    echo \"error: The sandbox is not in sync with the Podfile.lock. Run 'pod install' or update your CocoaPods installation.\" >&2\n    exit 1\nfi\n# This output is used by Xcode 'outputs' to avoid re-running this script phase.\necho \"SUCCESS\" > \"${SCRIPT_OUTPUT_FILE_0}\"\n";
			showEnvVarsInLog = 0;
		};
		6276743358AFC63164CEEF32 /* [CP] Check Pods Manifest.lock */ = {
			isa = PBXShellScriptBuildPhase;
			buildActionMask = 2147483647;
			files = (
			);
			inputFileListPaths = (
			);
			inputPaths = (
				"${PODS_PODFILE_DIR_PATH}/Podfile.lock",
				"${PODS_ROOT}/Manifest.lock",
			);
			name = "[CP] Check Pods Manifest.lock";
			outputFileListPaths = (
			);
			outputPaths = (
				"$(DERIVED_FILE_DIR)/Pods-lesson 5 UiKitTests-checkManifestLockResult.txt",
			);
			runOnlyForDeploymentPostprocessing = 0;
			shellPath = /bin/sh;
			shellScript = "diff \"${PODS_PODFILE_DIR_PATH}/Podfile.lock\" \"${PODS_ROOT}/Manifest.lock\" > /dev/null\nif [ $? != 0 ] ; then\n    # print error to STDERR\n    echo \"error: The sandbox is not in sync with the Podfile.lock. Run 'pod install' or update your CocoaPods installation.\" >&2\n    exit 1\nfi\n# This output is used by Xcode 'outputs' to avoid re-running this script phase.\necho \"SUCCESS\" > \"${SCRIPT_OUTPUT_FILE_0}\"\n";
			showEnvVarsInLog = 0;
		};
		6546586F97FD53DA876DF213 /* [CP] Check Pods Manifest.lock */ = {
			isa = PBXShellScriptBuildPhase;
			buildActionMask = 2147483647;
			files = (
			);
			inputFileListPaths = (
			);
			inputPaths = (
				"${PODS_PODFILE_DIR_PATH}/Podfile.lock",
				"${PODS_ROOT}/Manifest.lock",
			);
			name = "[CP] Check Pods Manifest.lock";
			outputFileListPaths = (
			);
			outputPaths = (
				"$(DERIVED_FILE_DIR)/Pods-lesson 5 UiKit-checkManifestLockResult.txt",
			);
			runOnlyForDeploymentPostprocessing = 0;
			shellPath = /bin/sh;
			shellScript = "diff \"${PODS_PODFILE_DIR_PATH}/Podfile.lock\" \"${PODS_ROOT}/Manifest.lock\" > /dev/null\nif [ $? != 0 ] ; then\n    # print error to STDERR\n    echo \"error: The sandbox is not in sync with the Podfile.lock. Run 'pod install' or update your CocoaPods installation.\" >&2\n    exit 1\nfi\n# This output is used by Xcode 'outputs' to avoid re-running this script phase.\necho \"SUCCESS\" > \"${SCRIPT_OUTPUT_FILE_0}\"\n";
			showEnvVarsInLog = 0;
		};
/* End PBXShellScriptBuildPhase section */

/* Begin PBXSourcesBuildPhase section */
		E00ECD902B6A23A300D1DBAA /* Sources */ = {
			isa = PBXSourcesBuildPhase;
			buildActionMask = 2147483647;
			files = (
				E00ECDD82B706B3800D1DBAA /* ResultUiView.swift in Sources */,
				E00ECD9C2B6A23A300D1DBAA /* BMICalculatorViewController.swift in Sources */,
				E00ECDD42B6CDC9F00D1DBAA /* ageUiView.swift in Sources */,
				E00ECDCC2B6B694C00D1DBAA /* genderBMIButtons.swift in Sources */,
				E00ECDD62B70689600D1DBAA /* ResultViewController.swift in Sources */,
				E00ECDCE2B6CA25600D1DBAA /* weightUiView.swift in Sources */,
				E00ECD982B6A23A300D1DBAA /* AppDelegate.swift in Sources */,
				E00ECD9A2B6A23A300D1DBAA /* SceneDelegate.swift in Sources */,
				E00ECDD02B6CB6D900D1DBAA /* sliderUiView.swift in Sources */,
			);
			runOnlyForDeploymentPostprocessing = 0;
		};
		E00ECDA62B6A23A700D1DBAA /* Sources */ = {
			isa = PBXSourcesBuildPhase;
			buildActionMask = 2147483647;
			files = (
				E00ECDAF2B6A23A700D1DBAA /* lesson_5_UiKitTests.swift in Sources */,
			);
			runOnlyForDeploymentPostprocessing = 0;
		};
		E00ECDB02B6A23A700D1DBAA /* Sources */ = {
			isa = PBXSourcesBuildPhase;
			buildActionMask = 2147483647;
			files = (
				E00ECDB92B6A23A700D1DBAA /* lesson_5_UiKitUITests.swift in Sources */,
				E00ECDBB2B6A23A700D1DBAA /* lesson_5_UiKitUITestsLaunchTests.swift in Sources */,
			);
			runOnlyForDeploymentPostprocessing = 0;
		};
/* End PBXSourcesBuildPhase section */

/* Begin PBXTargetDependency section */
		E00ECDAC2B6A23A700D1DBAA /* PBXTargetDependency */ = {
			isa = PBXTargetDependency;
			target = E00ECD932B6A23A300D1DBAA /* lesson 5 UiKit */;
			targetProxy = E00ECDAB2B6A23A700D1DBAA /* PBXContainerItemProxy */;
		};
		E00ECDB62B6A23A700D1DBAA /* PBXTargetDependency */ = {
			isa = PBXTargetDependency;
			target = E00ECD932B6A23A300D1DBAA /* lesson 5 UiKit */;
			targetProxy = E00ECDB52B6A23A700D1DBAA /* PBXContainerItemProxy */;
		};
/* End PBXTargetDependency section */

/* Begin PBXVariantGroup section */
		E00ECDA22B6A23A700D1DBAA /* LaunchScreen.storyboard */ = {
			isa = PBXVariantGroup;
			children = (
				E00ECDA32B6A23A700D1DBAA /* Base */,
			);
			name = LaunchScreen.storyboard;
			sourceTree = "<group>";
		};
/* End PBXVariantGroup section */

/* Begin XCBuildConfiguration section */
		E00ECDBC2B6A23A700D1DBAA /* Debug */ = {
			isa = XCBuildConfiguration;
			buildSettings = {
				ALWAYS_SEARCH_USER_PATHS = NO;
				ASSETCATALOG_COMPILER_GENERATE_SWIFT_ASSET_SYMBOL_EXTENSIONS = YES;
				CLANG_ANALYZER_NONNULL = YES;
				CLANG_ANALYZER_NUMBER_OBJECT_CONVERSION = YES_AGGRESSIVE;
				CLANG_CXX_LANGUAGE_STANDARD = "gnu++20";
				CLANG_ENABLE_MODULES = YES;
				CLANG_ENABLE_OBJC_ARC = YES;
				CLANG_ENABLE_OBJC_WEAK = YES;
				CLANG_WARN_BLOCK_CAPTURE_AUTORELEASING = YES;
				CLANG_WARN_BOOL_CONVERSION = YES;
				CLANG_WARN_COMMA = YES;
				CLANG_WARN_CONSTANT_CONVERSION = YES;
				CLANG_WARN_DEPRECATED_OBJC_IMPLEMENTATIONS = YES;
				CLANG_WARN_DIRECT_OBJC_ISA_USAGE = YES_ERROR;
				CLANG_WARN_DOCUMENTATION_COMMENTS = YES;
				CLANG_WARN_EMPTY_BODY = YES;
				CLANG_WARN_ENUM_CONVERSION = YES;
				CLANG_WARN_INFINITE_RECURSION = YES;
				CLANG_WARN_INT_CONVERSION = YES;
				CLANG_WARN_NON_LITERAL_NULL_CONVERSION = YES;
				CLANG_WARN_OBJC_IMPLICIT_RETAIN_SELF = YES;
				CLANG_WARN_OBJC_LITERAL_CONVERSION = YES;
				CLANG_WARN_OBJC_ROOT_CLASS = YES_ERROR;
				CLANG_WARN_QUOTED_INCLUDE_IN_FRAMEWORK_HEADER = YES;
				CLANG_WARN_RANGE_LOOP_ANALYSIS = YES;
				CLANG_WARN_STRICT_PROTOTYPES = YES;
				CLANG_WARN_SUSPICIOUS_MOVE = YES;
				CLANG_WARN_UNGUARDED_AVAILABILITY = YES_AGGRESSIVE;
				CLANG_WARN_UNREACHABLE_CODE = YES;
				CLANG_WARN__DUPLICATE_METHOD_MATCH = YES;
				COPY_PHASE_STRIP = NO;
				DEBUG_INFORMATION_FORMAT = dwarf;
				ENABLE_STRICT_OBJC_MSGSEND = YES;
				ENABLE_TESTABILITY = YES;
				ENABLE_USER_SCRIPT_SANDBOXING = NO;
				GCC_C_LANGUAGE_STANDARD = gnu17;
				GCC_DYNAMIC_NO_PIC = NO;
				GCC_NO_COMMON_BLOCKS = YES;
				GCC_OPTIMIZATION_LEVEL = 0;
				GCC_PREPROCESSOR_DEFINITIONS = (
					"DEBUG=1",
					"$(inherited)",
				);
				GCC_WARN_64_TO_32_BIT_CONVERSION = YES;
				GCC_WARN_ABOUT_RETURN_TYPE = YES_ERROR;
				GCC_WARN_UNDECLARED_SELECTOR = YES;
				GCC_WARN_UNINITIALIZED_AUTOS = YES_AGGRESSIVE;
				GCC_WARN_UNUSED_FUNCTION = YES;
				GCC_WARN_UNUSED_VARIABLE = YES;
				IPHONEOS_DEPLOYMENT_TARGET = 17.0;
				LOCALIZATION_PREFERS_STRING_CATALOGS = YES;
				MTL_ENABLE_DEBUG_INFO = INCLUDE_SOURCE;
				MTL_FAST_MATH = YES;
				ONLY_ACTIVE_ARCH = YES;
				SDKROOT = iphoneos;
				SWIFT_ACTIVE_COMPILATION_CONDITIONS = "DEBUG $(inherited)";
				SWIFT_OPTIMIZATION_LEVEL = "-Onone";
			};
			name = Debug;
		};
		E00ECDBD2B6A23A700D1DBAA /* Release */ = {
			isa = XCBuildConfiguration;
			buildSettings = {
				ALWAYS_SEARCH_USER_PATHS = NO;
				ASSETCATALOG_COMPILER_GENERATE_SWIFT_ASSET_SYMBOL_EXTENSIONS = YES;
				CLANG_ANALYZER_NONNULL = YES;
				CLANG_ANALYZER_NUMBER_OBJECT_CONVERSION = YES_AGGRESSIVE;
				CLANG_CXX_LANGUAGE_STANDARD = "gnu++20";
				CLANG_ENABLE_MODULES = YES;
				CLANG_ENABLE_OBJC_ARC = YES;
				CLANG_ENABLE_OBJC_WEAK = YES;
				CLANG_WARN_BLOCK_CAPTURE_AUTORELEASING = YES;
				CLANG_WARN_BOOL_CONVERSION = YES;
				CLANG_WARN_COMMA = YES;
				CLANG_WARN_CONSTANT_CONVERSION = YES;
				CLANG_WARN_DEPRECATED_OBJC_IMPLEMENTATIONS = YES;
				CLANG_WARN_DIRECT_OBJC_ISA_USAGE = YES_ERROR;
				CLANG_WARN_DOCUMENTATION_COMMENTS = YES;
				CLANG_WARN_EMPTY_BODY = YES;
				CLANG_WARN_ENUM_CONVERSION = YES;
				CLANG_WARN_INFINITE_RECURSION = YES;
				CLANG_WARN_INT_CONVERSION = YES;
				CLANG_WARN_NON_LITERAL_NULL_CONVERSION = YES;
				CLANG_WARN_OBJC_IMPLICIT_RETAIN_SELF = YES;
				CLANG_WARN_OBJC_LITERAL_CONVERSION = YES;
				CLANG_WARN_OBJC_ROOT_CLASS = YES_ERROR;
				CLANG_WARN_QUOTED_INCLUDE_IN_FRAMEWORK_HEADER = YES;
				CLANG_WARN_RANGE_LOOP_ANALYSIS = YES;
				CLANG_WARN_STRICT_PROTOTYPES = YES;
				CLANG_WARN_SUSPICIOUS_MOVE = YES;
				CLANG_WARN_UNGUARDED_AVAILABILITY = YES_AGGRESSIVE;
				CLANG_WARN_UNREACHABLE_CODE = YES;
				CLANG_WARN__DUPLICATE_METHOD_MATCH = YES;
				COPY_PHASE_STRIP = NO;
				DEBUG_INFORMATION_FORMAT = "dwarf-with-dsym";
				ENABLE_NS_ASSERTIONS = NO;
				ENABLE_STRICT_OBJC_MSGSEND = YES;
				ENABLE_USER_SCRIPT_SANDBOXING = NO;
				GCC_C_LANGUAGE_STANDARD = gnu17;
				GCC_NO_COMMON_BLOCKS = YES;
				GCC_WARN_64_TO_32_BIT_CONVERSION = YES;
				GCC_WARN_ABOUT_RETURN_TYPE = YES_ERROR;
				GCC_WARN_UNDECLARED_SELECTOR = YES;
				GCC_WARN_UNINITIALIZED_AUTOS = YES_AGGRESSIVE;
				GCC_WARN_UNUSED_FUNCTION = YES;
				GCC_WARN_UNUSED_VARIABLE = YES;
				IPHONEOS_DEPLOYMENT_TARGET = 17.0;
				LOCALIZATION_PREFERS_STRING_CATALOGS = YES;
				MTL_ENABLE_DEBUG_INFO = NO;
				MTL_FAST_MATH = YES;
				SDKROOT = iphoneos;
				SWIFT_COMPILATION_MODE = wholemodule;
				VALIDATE_PRODUCT = YES;
			};
			name = Release;
		};
		E00ECDBF2B6A23A700D1DBAA /* Debug */ = {
			isa = XCBuildConfiguration;
			baseConfigurationReference = C37A4F8B8DDB37E636F3C4B9 /* Pods-lesson 5 UiKit.debug.xcconfig */;
			buildSettings = {
				ASSETCATALOG_COMPILER_APPICON_NAME = AppIcon;
				ASSETCATALOG_COMPILER_GLOBAL_ACCENT_COLOR_NAME = AccentColor;
				CODE_SIGN_STYLE = Automatic;
				CURRENT_PROJECT_VERSION = 1;
				GENERATE_INFOPLIST_FILE = YES;
				INFOPLIST_FILE = "lesson 5 UiKit/Info.plist";
				INFOPLIST_KEY_UIApplicationSupportsIndirectInputEvents = YES;
				INFOPLIST_KEY_UILaunchStoryboardName = LaunchScreen;
				INFOPLIST_KEY_UISupportedInterfaceOrientations_iPad = "UIInterfaceOrientationPortrait UIInterfaceOrientationPortraitUpsideDown UIInterfaceOrientationLandscapeLeft UIInterfaceOrientationLandscapeRight";
				INFOPLIST_KEY_UISupportedInterfaceOrientations_iPhone = "UIInterfaceOrientationPortrait UIInterfaceOrientationLandscapeLeft UIInterfaceOrientationLandscapeRight";
				LD_RUNPATH_SEARCH_PATHS = (
					"$(inherited)",
					"@executable_path/Frameworks",
				);
				MARKETING_VERSION = 1.0;
				PRODUCT_BUNDLE_IDENTIFIER = "fd.lesson-5-UiKit";
				PRODUCT_NAME = "$(TARGET_NAME)";
				SWIFT_EMIT_LOC_STRINGS = YES;
				SWIFT_VERSION = 5.0;
				TARGETED_DEVICE_FAMILY = "1,2";
			};
			name = Debug;
		};
		E00ECDC02B6A23A700D1DBAA /* Release */ = {
			isa = XCBuildConfiguration;
			baseConfigurationReference = 070CF6345108FE97F3D0E50E /* Pods-lesson 5 UiKit.release.xcconfig */;
			buildSettings = {
				ASSETCATALOG_COMPILER_APPICON_NAME = AppIcon;
				ASSETCATALOG_COMPILER_GLOBAL_ACCENT_COLOR_NAME = AccentColor;
				CODE_SIGN_STYLE = Automatic;
				CURRENT_PROJECT_VERSION = 1;
				GENERATE_INFOPLIST_FILE = YES;
				INFOPLIST_FILE = "lesson 5 UiKit/Info.plist";
				INFOPLIST_KEY_UIApplicationSupportsIndirectInputEvents = YES;
				INFOPLIST_KEY_UILaunchStoryboardName = LaunchScreen;
				INFOPLIST_KEY_UISupportedInterfaceOrientations_iPad = "UIInterfaceOrientationPortrait UIInterfaceOrientationPortraitUpsideDown UIInterfaceOrientationLandscapeLeft UIInterfaceOrientationLandscapeRight";
				INFOPLIST_KEY_UISupportedInterfaceOrientations_iPhone = "UIInterfaceOrientationPortrait UIInterfaceOrientationLandscapeLeft UIInterfaceOrientationLandscapeRight";
				LD_RUNPATH_SEARCH_PATHS = (
					"$(inherited)",
					"@executable_path/Frameworks",
				);
				MARKETING_VERSION = 1.0;
				PRODUCT_BUNDLE_IDENTIFIER = "fd.lesson-5-UiKit";
				PRODUCT_NAME = "$(TARGET_NAME)";
				SWIFT_EMIT_LOC_STRINGS = YES;
				SWIFT_VERSION = 5.0;
				TARGETED_DEVICE_FAMILY = "1,2";
			};
			name = Release;
		};
		E00ECDC22B6A23A700D1DBAA /* Debug */ = {
			isa = XCBuildConfiguration;
			baseConfigurationReference = EFE3F1FA10461D29818B3D17 /* Pods-lesson 5 UiKitTests.debug.xcconfig */;
			buildSettings = {
				ALWAYS_EMBED_SWIFT_STANDARD_LIBRARIES = YES;
				BUNDLE_LOADER = "$(TEST_HOST)";
				CODE_SIGN_STYLE = Automatic;
				CURRENT_PROJECT_VERSION = 1;
				GENERATE_INFOPLIST_FILE = YES;
				IPHONEOS_DEPLOYMENT_TARGET = 17.0;
				MARKETING_VERSION = 1.0;
				PRODUCT_BUNDLE_IDENTIFIER = "fd.lesson-5-UiKitTests";
				PRODUCT_NAME = "$(TARGET_NAME)";
				SWIFT_EMIT_LOC_STRINGS = NO;
				SWIFT_VERSION = 5.0;
				TARGETED_DEVICE_FAMILY = "1,2";
				TEST_HOST = "$(BUILT_PRODUCTS_DIR)/lesson 5 UiKit.app/$(BUNDLE_EXECUTABLE_FOLDER_PATH)/lesson 5 UiKit";
			};
			name = Debug;
		};
		E00ECDC32B6A23A700D1DBAA /* Release */ = {
			isa = XCBuildConfiguration;
			baseConfigurationReference = 0E55F0C1F7294AECF5AE40D1 /* Pods-lesson 5 UiKitTests.release.xcconfig */;
			buildSettings = {
				ALWAYS_EMBED_SWIFT_STANDARD_LIBRARIES = YES;
				BUNDLE_LOADER = "$(TEST_HOST)";
				CODE_SIGN_STYLE = Automatic;
				CURRENT_PROJECT_VERSION = 1;
				GENERATE_INFOPLIST_FILE = YES;
				IPHONEOS_DEPLOYMENT_TARGET = 17.0;
				MARKETING_VERSION = 1.0;
				PRODUCT_BUNDLE_IDENTIFIER = "fd.lesson-5-UiKitTests";
				PRODUCT_NAME = "$(TARGET_NAME)";
				SWIFT_EMIT_LOC_STRINGS = NO;
				SWIFT_VERSION = 5.0;
				TARGETED_DEVICE_FAMILY = "1,2";
				TEST_HOST = "$(BUILT_PRODUCTS_DIR)/lesson 5 UiKit.app/$(BUNDLE_EXECUTABLE_FOLDER_PATH)/lesson 5 UiKit";
			};
			name = Release;
		};
		E00ECDC52B6A23A700D1DBAA /* Debug */ = {
			isa = XCBuildConfiguration;
			baseConfigurationReference = 1A4D97A3D8AC4CC631B25165 /* Pods-lesson 5 UiKit-lesson 5 UiKitUITests.debug.xcconfig */;
			buildSettings = {
				ALWAYS_EMBED_SWIFT_STANDARD_LIBRARIES = YES;
				CODE_SIGN_STYLE = Automatic;
				CURRENT_PROJECT_VERSION = 1;
				GENERATE_INFOPLIST_FILE = YES;
				MARKETING_VERSION = 1.0;
				PRODUCT_BUNDLE_IDENTIFIER = "fd.lesson-5-UiKitUITests";
				PRODUCT_NAME = "$(TARGET_NAME)";
				SWIFT_EMIT_LOC_STRINGS = NO;
				SWIFT_VERSION = 5.0;
				TARGETED_DEVICE_FAMILY = "1,2";
				TEST_TARGET_NAME = "lesson 5 UiKit";
			};
			name = Debug;
		};
		E00ECDC62B6A23A700D1DBAA /* Release */ = {
			isa = XCBuildConfiguration;
			baseConfigurationReference = 931B309DCEE63A790A2181BD /* Pods-lesson 5 UiKit-lesson 5 UiKitUITests.release.xcconfig */;
			buildSettings = {
				ALWAYS_EMBED_SWIFT_STANDARD_LIBRARIES = YES;
				CODE_SIGN_STYLE = Automatic;
				CURRENT_PROJECT_VERSION = 1;
				GENERATE_INFOPLIST_FILE = YES;
				MARKETING_VERSION = 1.0;
				PRODUCT_BUNDLE_IDENTIFIER = "fd.lesson-5-UiKitUITests";
				PRODUCT_NAME = "$(TARGET_NAME)";
				SWIFT_EMIT_LOC_STRINGS = NO;
				SWIFT_VERSION = 5.0;
				TARGETED_DEVICE_FAMILY = "1,2";
				TEST_TARGET_NAME = "lesson 5 UiKit";
			};
			name = Release;
		};
/* End XCBuildConfiguration section */

/* Begin XCConfigurationList section */
		E00ECD8F2B6A23A300D1DBAA /* Build configuration list for PBXProject "lesson 5 UiKit" */ = {
			isa = XCConfigurationList;
			buildConfigurations = (
				E00ECDBC2B6A23A700D1DBAA /* Debug */,
				E00ECDBD2B6A23A700D1DBAA /* Release */,
			);
			defaultConfigurationIsVisible = 0;
			defaultConfigurationName = Release;
		};
		E00ECDBE2B6A23A700D1DBAA /* Build configuration list for PBXNativeTarget "lesson 5 UiKit" */ = {
			isa = XCConfigurationList;
			buildConfigurations = (
				E00ECDBF2B6A23A700D1DBAA /* Debug */,
				E00ECDC02B6A23A700D1DBAA /* Release */,
			);
			defaultConfigurationIsVisible = 0;
			defaultConfigurationName = Release;
		};
		E00ECDC12B6A23A700D1DBAA /* Build configuration list for PBXNativeTarget "lesson 5 UiKitTests" */ = {
			isa = XCConfigurationList;
			buildConfigurations = (
				E00ECDC22B6A23A700D1DBAA /* Debug */,
				E00ECDC32B6A23A700D1DBAA /* Release */,
			);
			defaultConfigurationIsVisible = 0;
			defaultConfigurationName = Release;
		};
		E00ECDC42B6A23A700D1DBAA /* Build configuration list for PBXNativeTarget "lesson 5 UiKitUITests" */ = {
			isa = XCConfigurationList;
			buildConfigurations = (
				E00ECDC52B6A23A700D1DBAA /* Debug */,
				E00ECDC62B6A23A700D1DBAA /* Release */,
			);
			defaultConfigurationIsVisible = 0;
			defaultConfigurationName = Release;
		};
/* End XCConfigurationList section */
	};
	rootObject = E00ECD8C2B6A23A300D1DBAA /* Project object */;
}
